{
  "version": 4,
  "terraform_version": "1.15.5",
  "serial": 214,
  "lineage": "c8733753-d850-7741-2e33-272f99cb9f63",
  "outputs": {
    "master_ip": {
      "value": "192.168.0.204",
      "type": "string"
    },
    "status": {
      "value": "Deployment complete. Publisher, Actuator, and Broker are running.",
      "type": "string"
    }
  },
  "resources": [
    {
      "module": "module.actuator_daemon",
      "mode": "managed",
      "type": "fog_systemd_service",
      "name": "daemon",
      "provider": "provider[\"registry.terraform.io/saathvikk/fog\"]",
      "instances": [
        {
          "schema_version": 0,
          "attributes": {
            "environment": {
              "MQTT_BROKER": "192.168.0.204",
              "MQTT_PORT": "31883"
            },
            "exec_start": "/usr/bin/python3 /home/pi2/services/actuator_service.py",
            "id": "192.168.0.237::actuator_service",
            "node_address": "192.168.0.237",
            "node_user": "pi2",
            "service_name": "actuator_service",
            "unit_file_hash": "9b32429e2c549c7068b16204035f9a1bc6501bce93998c1a6f12d9277d77bec3",
            "working_directory": null
          },
          "sensitive_attributes": [],
          "identity_schema_version": 0,
          "dependencies": [
            "module.actuator_daemon.terraform_data.prepare_node",
            "module.infrastructure.data.local_file.k3s_token",
            "module.infrastructure.terraform_data.fetch_config",
            "module.infrastructure.terraform_data.k3s_master",
            "module.infrastructure.terraform_data.k3s_workers",
            "module.soil_moisture_k3s.terraform_data.deploy_k3s_stack"
          ]
        }
      ]
    },
    {
      "module": "module.actuator_daemon",
      "mode": "managed",
      "type": "terraform_data",
      "name": "prepare_node",
      "provider": "provider[\"terraform.io/builtin/terraform\"]",
      "instances": [
        {
          "schema_version": 0,
          "attributes": {
            "id": "894a86db-a71b-0d30-5865-272a1f2395a9",
            "input": {
              "value": {
                "host": "192.168.0.237",
                "service_name": "actuator_service",
                "user": "pi2"
              },
              "type": [
                "object",
                {
                  "host": "string",
                  "service_name": "string",
                  "user": "string"
                }
              ]
            },
            "output": {
              "value": {
                "host": "192.168.0.237",
                "service_name": "actuator_service",
                "user": "pi2"
              },
              "type": [
                "object",
                {
                  "host": "string",
                  "service_name": "string",
                  "user": "string"
                }
              ]
            },
            "triggers_replace": {
              "value": [
                "https://gist.githubusercontent.com/21mcme04/ffcfc4f88ca37fc0ab03c4cc2a1ef254/raw/fb7d6a955105cc29d1f6d8ba1dbe7f6f9b577b5e/actuator-soil-servo.py"
              ],
              "type": [
                "tuple",
                [
                  "string"
                ]
              ]
            }
          },
          "sensitive_attributes": [],
          "identity_schema_version": 0,
          "dependencies": [
            "module.infrastructure.data.local_file.k3s_token",
            "module.infrastructure.terraform_data.fetch_config",
            "module.infrastructure.terraform_data.k3s_master",
            "module.infrastructure.terraform_data.k3s_workers",
            "module.soil_moisture_k3s.terraform_data.deploy_k3s_stack"
          ]
        }
      ]
    },
    {
      "module": "module.infrastructure",
      "mode": "data",
      "type": "local_file",
      "name": "k3s_token",
      "provider": "provider[\"registry.terraform.io/hashicorp/local\"]",
      "instances": [
        {
          "schema_version": 0,
          "attributes": {
            "content": "K104fb8967c895a3d89ecb48bea5ee7bb817af4a7d9b63d5ae7ef749ce6a5172bd2::server:c9d93ee4f53bc6cc3587ad24082288a7\n",
            "content_base64": "SzEwNGZiODk2N2M4OTVhM2Q4OWVjYjQ4YmVhNWVlN2JiODE3YWY0YTdkOWI2M2Q1YWU3ZWY3NDljZTZhNTE3MmJkMjo6c2VydmVyOmM5ZDkzZWU0ZjUzYmM2Y2MzNTg3YWQyNDA4MjI4OGE3Cg==",
            "content_base64sha256": "iS0EBoaRbTfYPtD51F4WdWhLOZsp1pCMm0SvWS9cgGw=",
            "content_base64sha512": "YU0kbu2PQxdqEGKz8W8CJiHScQX+P014Kfy5wt5mMBgtI222dWSLDMwblHCufxdFHy19z3wViOqOGJQbOVBASw==",
            "content_md5": "97b5595c977d4b231904eb1157d83300",
            "content_sha1": "83261f0f0a81003d0bda92a8638c6eb121a6cd7e",
            "content_sha256": "892d040686916d37d83ed0f9d45e1675684b399b29d6908c9b44af592f5c806c",
            "content_sha512": "614d246eed8f43176a1062b3f16f022621d27105fe3f4d7829fcb9c2de6630182d236db675648b0ccc1b9470ae7f17451f2d7dcf7c1588ea8e18941b3950404b",
            "filename": "./k3s_token.txt",
            "id": "83261f0f0a81003d0bda92a8638c6eb121a6cd7e"
          },
          "sensitive_attributes": [],
          "identity_schema_version": 0
        }
      ]
    },
    {
      "module": "module.infrastructure",
      "mode": "managed",
      "type": "terraform_data",
      "name": "fetch_config",
      "provider": "provider[\"terraform.io/builtin/terraform\"]",
      "instances": [
        {
          "schema_version": 0,
          "attributes": {
            "id": "50c2456d-7c9f-1f6d-416d-4bb9ca236499",
            "input": null,
            "output": null,
            "triggers_replace": {
              "value": [
                "192.168.0.204"
              ],
              "type": [
                "tuple",
                [
                  "string"
                ]
              ]
            }
          },
          "sensitive_attributes": [],
          "identity_schema_version": 0,
          "dependencies": [
            "module.infrastructure.terraform_data.k3s_master"
          ]
        }
      ]
    },
    {
      "module": "module.infrastructure",
      "mode": "managed",
      "type": "terraform_data",
      "name": "k3s_master",
      "provider": "provider[\"terraform.io/builtin/terraform\"]",
      "instances": [
        {
          "schema_version": 0,
          "attributes": {
            "id": "ef23f894-37a5-8e62-38ad-48a4ac4c2954",
            "input": {
              "value": {
                "host": "192.168.0.204",
                "user": "pi1"
              },
              "type": [
                "object",
                {
                  "host": "string",
                  "user": "string"
                }
              ]
            },
            "output": {
              "value": {
                "host": "192.168.0.204",
                "user": "pi1"
              },
              "type": [
                "object",
                {
                  "host": "string",
                  "user": "string"
                }
              ]
            },
            "triggers_replace": {
              "value": [
                "192.168.0.204"
              ],
              "type": [
                "tuple",
                [
                  "string"
                ]
              ]
            }
          },
          "sensitive_attributes": [],
          "identity_schema_version": 0
        }
      ]
    },
    {
      "module": "module.infrastructure",
      "mode": "managed",
      "type": "terraform_data",
      "name": "k3s_workers",
      "provider": "provider[\"terraform.io/builtin/terraform\"]",
      "instances": [
        {
          "index_key": "actuator_node",
          "schema_version": 0,
          "attributes": {
            "id": "91c658f0-dcf5-db4e-a8e3-966a14d46899",
            "input": {
              "value": {
                "host": "192.168.0.237",
                "user": "pi2"
              },
              "type": [
                "object",
                {
                  "host": "string",
                  "user": "string"
                }
              ]
            },
            "output": {
              "value": {
                "host": "192.168.0.237",
                "user": "pi2"
              },
              "type": [
                "object",
                {
                  "host": "string",
                  "user": "string"
                }
              ]
            },
            "triggers_replace": {
              "value": [
                "192.168.0.237"
              ],
              "type": [
                "tuple",
                [
                  "string"
                ]
              ]
            }
          },
          "sensitive_attributes": [],
          "identity_schema_version": 0,
          "dependencies": [
            "module.infrastructure.data.local_file.k3s_token",
            "module.infrastructure.terraform_data.fetch_config",
            "module.infrastructure.terraform_data.k3s_master"
          ]
        },
        {
          "index_key": "publisher_node",
          "schema_version": 0,
          "attributes": {
            "id": "e7e58322-9ac1-2dd0-1cc2-34b45e8d518e",
            "input": {
              "value": {
                "host": "192.168.0.76",
                "user": "pi3"
              },
              "type": [
                "object",
                {
                  "host": "string",
                  "user": "string"
                }
              ]
            },
            "output": {
              "value": {
                "host": "192.168.0.76",
                "user": "pi3"
              },
              "type": [
                "object",
                {
                  "host": "string",
                  "user": "string"
                }
              ]
            },
            "triggers_replace": {
              "value": [
                "192.168.0.76"
              ],
              "type": [
                "tuple",
                [
                  "string"
                ]
              ]
            }
          },
          "sensitive_attributes": [],
          "identity_schema_version": 0,
          "dependencies": [
            "module.infrastructure.data.local_file.k3s_token",
            "module.infrastructure.terraform_data.fetch_config",
            "module.infrastructure.terraform_data.k3s_master"
          ]
        }
      ]
    },
    {
      "module": "module.publisher_daemon",
      "mode": "managed",
      "type": "fog_systemd_service",
      "name": "daemon",
      "provider": "provider[\"registry.terraform.io/saathvikk/fog\"]",
      "instances": [
        {
          "schema_version": 0,
          "attributes": {
            "environment": {
              "MQTT_BROKER": "192.168.0.204",
              "MQTT_PORT": "31883"
            },
            "exec_start": "/usr/bin/python3 /home/pi3/services/mqtt_publisher_service.py",
            "id": "192.168.0.76::mqtt_publisher_service",
            "node_address": "192.168.0.76",
            "node_user": "pi3",
            "service_name": "mqtt_publisher_service",
            "unit_file_hash": "f2e0399290fb506540eab096df817d396d4498d54f905093451e9a9908ec366c",
            "working_directory": null
          },
          "sensitive_attributes": [],
          "identity_schema_version": 0,
          "dependencies": [
            "module.infrastructure.data.local_file.k3s_token",
            "module.infrastructure.terraform_data.fetch_config",
            "module.infrastructure.terraform_data.k3s_master",
            "module.infrastructure.terraform_data.k3s_workers",
            "module.publisher_daemon.terraform_data.prepare_node",
            "module.soil_moisture_k3s.terraform_data.deploy_k3s_stack"
          ]
        }
      ]
    },
    {
      "module": "module.publisher_daemon",
      "mode": "managed",
      "type": "terraform_data",
      "name": "prepare_node",
      "provider": "provider[\"terraform.io/builtin/terraform\"]",
      "instances": [
        {
          "schema_version": 0,
          "attributes": {
            "id": "e70559ac-5dbe-c7d9-5be3-edb0a70f3367",
            "input": {
              "value": {
                "host": "192.168.0.76",
                "service_name": "mqtt_publisher_service",
                "user": "pi3"
              },
              "type": [
                "object",
                {
                  "host": "string",
                  "service_name": "string",
                  "user": "string"
                }
              ]
            },
            "output": {
              "value": {
                "host": "192.168.0.76",
                "service_name": "mqtt_publisher_service",
                "user": "pi3"
              },
              "type": [
                "object",
                {
                  "host": "string",
                  "service_name": "string",
                  "user": "string"
                }
              ]
            },
            "triggers_replace": {
              "value": [
                "https://gist.githubusercontent.com/21mcme04/acdea1dfc4483d79a3510945ef201e64/raw/383ed9b38c261a8e7d63ed40303ca65f3fae5517/publisher-soil-moisture.py"
              ],
              "type": [
                "tuple",
                [
                  "string"
                ]
              ]
            }
          },
          "sensitive_attributes": [],
          "identity_schema_version": 0,
          "dependencies": [
            "module.infrastructure.data.local_file.k3s_token",
            "module.infrastructure.terraform_data.fetch_config",
            "module.infrastructure.terraform_data.k3s_master",
            "module.infrastructure.terraform_data.k3s_workers",
            "module.soil_moisture_k3s.terraform_data.deploy_k3s_stack"
          ]
        }
      ]
    },
    {
      "module": "module.soil_moisture_k3s",
      "mode": "managed",
      "type": "terraform_data",
      "name": "deploy_k3s_stack",
      "provider": "provider[\"terraform.io/builtin/terraform\"]",
      "instances": [
        {
          "schema_version": 0,
          "attributes": {
            "id": "242b00ff-5fac-7f4e-50c0-7025ebfe8604",
            "input": null,
            "output": null,
            "triggers_replace": {
              "value": [
                "https://gist.githubusercontent.com/21mcme04/68c7edc0b0c5653ecd2e138683f3d568/raw/2021060c1bf05e8d5cd1599ad28d872b9a94fd6d/k3s-fogdeft-soil_moisture-manifest.yaml"
              ],
              "type": [
                "tuple",
                [
                  "string"
                ]
              ]
            }
          },
          "sensitive_attributes": [],
          "identity_schema_version": 0,
          "dependencies": [
            "module.infrastructure.data.local_file.k3s_token",
            "module.infrastructure.terraform_data.fetch_config",
            "module.infrastructure.terraform_data.k3s_master",
            "module.infrastructure.terraform_data.k3s_workers"
          ]
        }
      ]
    }
  ],
  "check_results": null
}
